
Microsoft Visual Studio Solution File, Format Version 12.00
# Visual Studio Version 17
VisualStudioVersion = 17.0.31903.59
MinimumVisualStudioVersion = 10.0.40219.1
Project("{2150E333-8FDC-42A3-9474-1A3956D46DE8}") = "src", "src", "{B833DDC5-9EF8-4A99-B759-A8A9831D6861}"
EndProject
Project("{FAE04EC0-301F-11D3-BF4B-00C04F79EFBC}") = "Fray", "src\Fray\Fray.csproj", "{3E028AFA-E8C6-40A4-B994-AEE848BB140D}"
EndProject
Project("{2150E333-8FDC-42A3-9474-1A3956D46DE8}") = "tests", "tests", "{91C43AC7-13EC-4CC7-ACC1-B9D4A06C2CE3}"
EndProject
Project("{FAE04EC0-301F-11D3-BF4B-00C04F79EFBC}") = "Fray.Tests", "tests\Fray.Tests\Fray.Tests.csproj", "{79EB0E5F-1F3C-433C-A8BF-E7935F87F969}"
EndProject
Global
	GlobalSection(SolutionConfigurationPlatforms) = preSolution
		Debug|Any CPU = Debug|Any CPU
		Release|Any CPU = Release|Any CPU
	EndGlobalSection
	GlobalSection(SolutionProperties) = preSolution
		HideSolutionNode = FALSE
	EndGlobalSection
	GlobalSection(ProjectConfigurationPlatforms) = postSolution
		{3E028AFA-E8C6-40A4-B994-AEE848BB140D}.Debug|Any CPU.ActiveCfg = Debug|Any CPU
		{3E028AFA-E8C6-40A4-B994-AEE848BB140D}.Debug|Any CPU.Build.0 = Debug|Any CPU
		{3E028AFA-E8C6-40A4-B994-AEE848BB140D}.Release|Any CPU.ActiveCfg = Release|Any CPU
		{3E028AFA-E8C6-40A4-B994-AEE848BB140D}.Release|Any CPU.Build.0 = Release|Any CPU
		{79EB0E5F-1F3C-433C-A8BF-E7935F87F969}.Debug|Any CPU.ActiveCfg = Debug|Any CPU
		{79EB0E5F-1F3C-433C-A8BF-E7935F87F969}.Debug|Any CPU.Build.0 = Debug|Any CPU
		{79EB0E5F-1F3C-433C-A8BF-E7935F87F969}.Release|Any CPU.ActiveCfg = Release|Any CPU
		{79EB0E5F-1F3C-433C-A8BF-E7935F87F969}.Release|Any CPU.Build.0 = Release|Any CPU
	EndGlobalSection
	GlobalSection(NestedProjects) = preSolution
		{3E028AFA-E8C6-40A4-B994-AEE848BB140D} = {B833DDC5-9EF8-4A99-B759-A8A9831D6861}
		{79EB0E5F-1F3C-433C-A8BF-E7935F87F969} = {91C43AC7-13EC-4CC7-ACC1-B9D4A06C2CE3}
	EndGlobalSection
EndGlobal
